
Microsoft Visual Studio Solution File, Format Version 12.00
# Visual Studio Version 17
VisualStudioVersion = 17.14.36603.0 d17.14
MinimumVisualStudioVersion = 10.0.40219.1
Project("{FAE04EC0-301F-11D3-BF4B-00C04F79EFBC}") = "SORI_PRo", "SORI_PRo\SORI_PRo.csproj", "{FB90C34E-9117-4F38-AFAB-21B54FE0F4CC}"
EndProject
Global
	GlobalSection(SolutionConfigurationPlatforms) = preSolution
		Debug|Any CPU = Debug|Any CPU
		Release|Any CPU = Release|Any CPU
	EndGlobalSection
	GlobalSection(ProjectConfigurationPlatforms) = postSolution
		{FB90C34E-9117-4F38-AFAB-21B54FE0F4CC}.Debug|Any CPU.ActiveCfg = Debug|Any CPU
		{FB90C34E-9117-4F38-AFAB-21B54FE0F4CC}.Debug|Any CPU.Build.0 = Debug|Any CPU
		{FB90C34E-9117-4F38-AFAB-21B54FE0F4CC}.Release|Any CPU.ActiveCfg = Release|Any CPU
		{FB90C34E-9117-4F38-AFAB-21B54FE0F4CC}.Release|Any CPU.Build.0 = Release|Any CPU
	EndGlobalSection
	GlobalSection(SolutionProperties) = preSolution
		HideSolutionNode = FALSE
	EndGlobalSection
	GlobalSection(ExtensibilityGlobals) = postSolution
		SolutionGuid = {C66C2172-1242-4531-8DF4-3A488465648C}
	EndGlobalSection
EndGlobal
